// !$*UTF8*$!
{
	archiveVersion = 1;
	classes = {
	};
	objectVersion = 46;
	objects = {

/* Begin PBXBuildFile section */
		384E6A541C64973400CAD7AF /* AppDelegate.swift in Sources */ = {isa = PBXBuildFile; fileRef = 384E6A531C64973400CAD7AF /* AppDelegate.swift */; };
		384E6A561C64973400CAD7AF /* ViewController.swift in Sources */ = {isa = PBXBuildFile; fileRef = 384E6A551C64973400CAD7AF /* ViewController.swift */; };
		384E6A581C64973400CAD7AF /* Document.swift in Sources */ = {isa = PBXBuildFile; fileRef = 384E6A571C64973400CAD7AF /* Document.swift */; };
		384E6A5A1C64973400CAD7AF /* Assets.xcassets in Resources */ = {isa = PBXBuildFile; fileRef = 384E6A591C64973400CAD7AF /* Assets.xcassets */; };
		384E6A5D1C64973400CAD7AF /* Main.storyboard in Resources */ = {isa = PBXBuildFile; fileRef = 384E6A5B1C64973400CAD7AF /* Main.storyboard */; };
		384E6A681C64973400CAD7AF /* ES6_REPLTests.swift in Sources */ = {isa = PBXBuildFile; fileRef = 384E6A671C64973400CAD7AF /* ES6_REPLTests.swift */; };
		384E6A731C64973400CAD7AF /* ES6_REPLUITests.swift in Sources */ = {isa = PBXBuildFile; fileRef = 384E6A721C64973400CAD7AF /* ES6_REPLUITests.swift */; };
		384E6A811C6497AA00CAD7AF /* WebKit.framework in Frameworks */ = {isa = PBXBuildFile; fileRef = 384E6A801C6497AA00CAD7AF /* WebKit.framework */; };
		384E6A831C649B4B00CAD7AF /* repl.html in Resources */ = {isa = PBXBuildFile; fileRef = 384E6A821C649B4B00CAD7AF /* repl.html */; };
/* End PBXBuildFile section */

/* Begin PBXContainerItemProxy section */
		384E6A641C64973400CAD7AF /* PBXContainerItemProxy */ = {
			isa = PBXContainerItemProxy;
			containerPortal = 384E6A481C64973400CAD7AF /* Project object */;
			proxyType = 1;
			remoteGlobalIDString = 384E6A4F1C64973400CAD7AF;
			remoteInfo = "ES6 REPL";
		};
		384E6A6F1C64973400CAD7AF /* PBXContainerItemProxy */ = {
			isa = PBXContainerItemProxy;
			containerPortal = 384E6A481C64973400CAD7AF /* Project object */;
			proxyType = 1;
			remoteGlobalIDString = 384E6A4F1C64973400CAD7AF;
			remoteInfo = "ES6 REPL";
		};
/* End PBXContainerItemProxy section */

/* Begin PBXFileReference section */
		384E6A501C64973400CAD7AF /* ES6 REPL.app */ = {isa = PBXFileReference; explicitFileType = wrapper.application; includeInIndex = 0; path = "ES6 REPL.app"; sourceTree = BUILT_PRODUCTS_DIR; };
		384E6A531C64973400CAD7AF /* AppDelegate.swift */ = {isa = PBXFileReference; lastKnownFileType = sourcecode.swift; path = AppDelegate.swift; sourceTree = "<group>"; };
		384E6A551C64973400CAD7AF /* ViewController.swift */ = {isa = PBXFileReference; lastKnownFileType = sourcecode.swift; path = ViewController.swift; sourceTree = "<group>"; };
		384E6A571C64973400CAD7AF /* Document.swift */ = {isa = PBXFileReference; lastKnownFileType = sourcecode.swift; path = Document.swift; sourceTree = "<group>"; };
		384E6A591C64973400CAD7AF /* Assets.xcassets */ = {isa = PBXFileReference; lastKnownFileType = folder.assetcatalog; path = Assets.xcassets; sourceTree = "<group>"; };
		384E6A5C1C64973400CAD7AF /* Base */ = {isa = PBXFileReference; lastKnownFileType = file.storyboard; name = Base; path = Base.lproj/Main.storyboard; sourceTree = "<group>"; };
		384E6A5E1C64973400CAD7AF /* Info.plist */ = {isa = PBXFileReference; lastKnownFileType = text.plist.xml; path = Info.plist; sourceTree = "<group>"; };
		384E6A631C64973400CAD7AF /* ES6 REPLTests.xctest */ = {isa = PBXFileReference; explicitFileType = wrapper.cfbundle; includeInIndex = 0; path = "ES6 REPLTests.xctest"; sourceTree = BUILT_PRODUCTS_DIR; };
		384E6A671C64973400CAD7AF /* ES6_REPLTests.swift */ = {isa = PBXFileReference; lastKnownFileType = sourcecode.swift; path = ES6_REPLTests.swift; sourceTree = "<group>"; };
		384E6A691C64973400CAD7AF /* Info.plist */ = {isa = PBXFileReference; lastKnownFileType = text.plist.xml; path = Info.plist; sourceTree = "<group>"; };
		384E6A6E1C64973400CAD7AF /* ES6 REPLUITests.xctest */ = {isa = PBXFileReference; explicitFileType = wrapper.cfbundle; includeInIndex = 0; path = "ES6 REPLUITests.xctest"; sourceTree = BUILT_PRODUCTS_DIR; };
		384E6A721C64973400CAD7AF /* ES6_REPLUITests.swift */ = {isa = PBXFileReference; lastKnownFileType = sourcecode.swift; path = ES6_REPLUITests.swift; sourceTree = "<group>"; };
		384E6A741C64973400CAD7AF /* Info.plist */ = {isa = PBXFileReference; lastKnownFileType = text.plist.xml; path = Info.plist; sourceTree = "<group>"; };
		384E6A801C6497AA00CAD7AF /* WebKit.framework */ = {isa = PBXFileReference; lastKnownFileType = wrapper.framework; name = WebKit.framework; path = System/Library/Frameworks/WebKit.framework; sourceTree = SDKROOT; };
		384E6A821C649B4B00CAD7AF /* repl.html */ = {isa = PBXFileReference; fileEncoding = 4; lastKnownFileType = text.html; path = repl.html; sourceTree = "<group>"; };
/* End PBXFileReference section */

/* Begin PBXFrameworksBuildPhase section */
		384E6A4D1C64973400CAD7AF /* Frameworks */ = {
			isa = PBXFrameworksBuildPhase;
			buildActionMask = 2147483647;
			files = (
				384E6A811C6497AA00CAD7AF /* WebKit.framework in Frameworks */,
			);
			runOnlyForDeploymentPostprocessing = 0;
		};
		384E6A601C64973400CAD7AF /* Frameworks */ = {
			isa = PBXFrameworksBuildPhase;
			buildActionMask = 2147483647;
			files = (
			);
			runOnlyForDeploymentPostprocessing = 0;
		};
		384E6A6B1C64973400CAD7AF /* Frameworks */ = {
			isa = PBXFrameworksBuildPhase;
			buildActionMask = 2147483647;
			files = (
			);
			runOnlyForDeploymentPostprocessing = 0;
		};
/* End PBXFrameworksBuildPhase section */

/* Begin PBXGroup section */
		384E6A471C64973400CAD7AF = {
			isa = PBXGroup;
			children = (
				384E6A801C6497AA00CAD7AF /* WebKit.framework */,
				384E6A521C64973400CAD7AF /* ES6 REPL */,
				384E6A661C64973400CAD7AF /* ES6 REPLTests */,
				384E6A711C64973400CAD7AF /* ES6 REPLUITests */,
				384E6A511C64973400CAD7AF /* Products */,
			);
			sourceTree = "<group>";
		};
		384E6A511C64973400CAD7AF /* Products */ = {
			isa = PBXGroup;
			children = (
				384E6A501C64973400CAD7AF /* ES6 REPL.app */,
				384E6A631C64973400CAD7AF /* ES6 REPLTests.xctest */,
				384E6A6E1C64973400CAD7AF /* ES6 REPLUITests.xctest */,
			);
			name = Products;
			sourceTree = "<group>";
		};
		384E6A521C64973400CAD7AF /* ES6 REPL */ = {
			isa = PBXGroup;
			children = (
				384E6A531C64973400CAD7AF /* AppDelegate.swift */,
				384E6A551C64973400CAD7AF /* ViewController.swift */,
				384E6A571C64973400CAD7AF /* Document.swift */,
				384E6A591C64973400CAD7AF /* Assets.xcassets */,
				384E6A5B1C64973400CAD7AF /* Main.storyboard */,
				384E6A5E1C64973400CAD7AF /* Info.plist */,
				384E6A821C649B4B00CAD7AF /* repl.html */,
			);
			path = "ES6 REPL";
			sourceTree = "<group>";
		};
		384E6A661C64973400CAD7AF /* ES6 REPLTests */ = {
			isa = PBXGroup;
			children = (
				384E6A671C64973400CAD7AF /* ES6_REPLTests.swift */,
				384E6A691C64973400CAD7AF /* Info.plist */,
			);
			path = "ES6 REPLTests";
			sourceTree = "<group>";
		};
		384E6A711C64973400CAD7AF /* ES6 REPLUITests */ = {
			isa = PBXGroup;
			children = (
				384E6A721C64973400CAD7AF /* ES6_REPLUITests.swift */,
				384E6A741C64973400CAD7AF /* Info.plist */,
			);
			path = "ES6 REPLUITests";
			sourceTree = "<group>";
		};
/* End PBXGroup section */

/* Begin PBXNativeTarget section */
		384E6A4F1C64973400CAD7AF /* ES6 REPL */ = {
			isa = PBXNativeTarget;
			buildConfigurationList = 384E6A771C64973400CAD7AF /* Build configuration list for PBXNativeTarget "ES6 REPL" */;
			buildPhases = (
				384E6A4C1C64973400CAD7AF /* Sources */,
				384E6A4D1C64973400CAD7AF /* Frameworks */,
				384E6A4E1C64973400CAD7AF /* Resources */,
			);
			buildRules = (
			);
			dependencies = (
			);
			name = "ES6 REPL";
			productName = "ES6 REPL";
			productReference = 384E6A501C64973400CAD7AF /* ES6 REPL.app */;
			productType = "com.apple.product-type.application";
		};
		384E6A621C64973400CAD7AF /* ES6 REPLTests */ = {
			isa = PBXNativeTarget;
			buildConfigurationList = 384E6A7A1C64973400CAD7AF /* Build configuration list for PBXNativeTarget "ES6 REPLTests" */;
			buildPhases = (
				384E6A5F1C64973400CAD7AF /* Sources */,
				384E6A601C64973400CAD7AF /* Frameworks */,
				384E6A611C64973400CAD7AF /* Resources */,
			);
			buildRules = (
			);
			dependencies = (
				384E6A651C64973400CAD7AF /* PBXTargetDependency */,
			);
			name = "ES6 REPLTests";
			productName = "ES6 REPLTests";
			productReference = 384E6A631C64973400CAD7AF /* ES6 REPLTests.xctest */;
			productType = "com.apple.product-type.bundle.unit-test";
		};
		384E6A6D1C64973400CAD7AF /* ES6 REPLUITests */ = {
			isa = PBXNativeTarget;
			buildConfigurationList = 384E6A7D1C64973400CAD7AF /* Build configuration list for PBXNativeTarget "ES6 REPLUITests" */;
			buildPhases = (
				384E6A6A1C64973400CAD7AF /* Sources */,
				384E6A6B1C64973400CAD7AF /* Frameworks */,
				384E6A6C1C64973400CAD7AF /* Resources */,
			);
			buildRules = (
			);
			dependencies = (
				384E6A701C64973400CAD7AF /* PBXTargetDependency */,
			);
			name = "ES6 REPLUITests";
			productName = "ES6 REPLUITests";
			productReference = 384E6A6E1C64973400CAD7AF /* ES6 REPLUITests.xctest */;
			productType = "com.apple.product-type.bundle.ui-testing";
		};
/* End PBXNativeTarget section */

/* Begin PBXProject section */
		384E6A481C64973400CAD7AF /* Project object */ = {
			isa = PBXProject;
			attributes = {
				LastSwiftUpdateCheck = 0720;
				LastUpgradeCheck = 0720;
				ORGANIZATIONNAME = "Priit Haamer";
				TargetAttributes = {
					384E6A4F1C64973400CAD7AF = {
						CreatedOnToolsVersion = 7.2.1;
					};
					384E6A621C64973400CAD7AF = {
						CreatedOnToolsVersion = 7.2.1;
						TestTargetID = 384E6A4F1C64973400CAD7AF;
					};
					384E6A6D1C64973400CAD7AF = {
						CreatedOnToolsVersion = 7.2.1;
						TestTargetID = 384E6A4F1C64973400CAD7AF;
					};
				};
			};
			buildConfigurationList = 384E6A4B1C64973400CAD7AF /* Build configuration list for PBXProject "ES6 REPL" */;
			compatibilityVersion = "Xcode 3.2";
			developmentRegion = English;
			hasScannedForEncodings = 0;
			knownRegions = (
				en,
				Base,
			);
			mainGroup = 384E6A471C64973400CAD7AF;
			productRefGroup = 384E6A511C64973400CAD7AF /* Products */;
			projectDirPath = "";
			projectRoot = "";
			targets = (
				384E6A4F1C64973400CAD7AF /* ES6 REPL */,
				384E6A621C64973400CAD7AF /* ES6 REPLTests */,
				384E6A6D1C64973400CAD7AF /* ES6 REPLUITests */,
			);
		};
/* End PBXProject section */

/* Begin PBXResourcesBuildPhase section */
		384E6A4E1C64973400CAD7AF /* Resources */ = {
			isa = PBXResourcesBuildPhase;
			buildActionMask = 2147483647;
			files = (
				384E6A5A1C64973400CAD7AF /* Assets.xcassets in Resources */,
				384E6A831C649B4B00CAD7AF /* repl.html in Resources */,
				384E6A5D1C64973400CAD7AF /* Main.storyboard in Resources */,
			);
			runOnlyForDeploymentPostprocessing = 0;
		};
		384E6A611C64973400CAD7AF /* Resources */ = {
			isa = PBXResourcesBuildPhase;
			buildActionMask = 2147483647;
			files = (
			);
			runOnlyForDeploymentPostprocessing = 0;
		};
		384E6A6C1C64973400CAD7AF /* Resources */ = {
			isa = PBXResourcesBuildPhase;
			buildActionMask = 2147483647;
			files = (
			);
			runOnlyForDeploymentPostprocessing = 0;
		};
/* End PBXResourcesBuildPhase section */

/* Begin PBXSourcesBuildPhase section */
		384E6A4C1C64973400CAD7AF /* Sources */ = {
			isa = PBXSourcesBuildPhase;
			buildActionMask = 2147483647;
			files = (
				384E6A561C64973400CAD7AF /* ViewController.swift in Sources */,
				384E6A541C64973400CAD7AF /* AppDelegate.swift in Sources */,
				384E6A581C64973400CAD7AF /* Document.swift in Sources */,
			);
			runOnlyForDeploymentPostprocessing = 0;
		};
		384E6A5F1C64973400CAD7AF /* Sources */ = {
			isa = PBXSourcesBuildPhase;
			buildActionMask = 2147483647;
			files = (
				384E6A681C64973400CAD7AF /* ES6_REPLTests.swift in Sources */,
			);
			runOnlyForDeploymentPostprocessing = 0;
		};
		384E6A6A1C64973400CAD7AF /* Sources */ = {
			isa = PBXSourcesBuildPhase;
			buildActionMask = 2147483647;
			files = (
				384E6A731C64973400CAD7AF /* ES6_REPLUITests.swift in Sources */,
			);
			runOnlyForDeploymentPostprocessing = 0;
		};
/* End PBXSourcesBuildPhase section */

/* Begin PBXTargetDependency section */
		384E6A651C64973400CAD7AF /* PBXTargetDependency */ = {
			isa = PBXTargetDependency;
			target = 384E6A4F1C64973400CAD7AF /* ES6 REPL */;
			targetProxy = 384E6A641C64973400CAD7AF /* PBXContainerItemProxy */;
		};
		384E6A701C64973400CAD7AF /* PBXTargetDependency */ = {
			isa = PBXTargetDependency;
			target = 384E6A4F1C64973400CAD7AF /* ES6 REPL */;
			targetProxy = 384E6A6F1C64973400CAD7AF /* PBXContainerItemProxy */;
		};
/* End PBXTargetDependency section */

/* Begin PBXVariantGroup section */
		384E6A5B1C64973400CAD7AF /* Main.storyboard */ = {
			isa = PBXVariantGroup;
			children = (
				384E6A5C1C64973400CAD7AF /* Base */,
			);
			name = Main.storyboard;
			sourceTree = "<group>";
		};
/* End PBXVariantGroup section */

/* Begin XCBuildConfiguration section */
		384E6A751C64973400CAD7AF /* Debug */ = {
			isa = XCBuildConfiguration;
			buildSettings = {
				ALWAYS_SEARCH_USER_PATHS = NO;
				CLANG_CXX_LANGUAGE_STANDARD = "gnu++0x";
				CLANG_CXX_LIBRARY = "libc++";
				CLANG_ENABLE_MODULES = YES;
				CLANG_ENABLE_OBJC_ARC = YES;
				CLANG_WARN_BOOL_CONVERSION = YES;
				CLANG_WARN_CONSTANT_CONVERSION = YES;
				CLANG_WARN_DIRECT_OBJC_ISA_USAGE = YES_ERROR;
				CLANG_WARN_EMPTY_BODY = YES;
				CLANG_WARN_ENUM_CONVERSION = YES;
				CLANG_WARN_INT_CONVERSION = YES;
				CLANG_WARN_OBJC_ROOT_CLASS = YES_ERROR;
				CLANG_WARN_UNREACHABLE_CODE = YES;
				CLANG_WARN__DUPLICATE_METHOD_MATCH = YES;
				CODE_SIGN_IDENTITY = "-";
				COPY_PHASE_STRIP = NO;
				DEBUG_INFORMATION_FORMAT = dwarf;
				ENABLE_STRICT_OBJC_MSGSEND = YES;
				ENABLE_TESTABILITY = YES;
				GCC_C_LANGUAGE_STANDARD = gnu99;
				GCC_DYNAMIC_NO_PIC = NO;
				GCC_NO_COMMON_BLOCKS = YES;
				GCC_OPTIMIZATION_LEVEL = 0;
				GCC_PREPROCESSOR_DEFINITIONS = (
					"DEBUG=1",
					"$(inherited)",
				);
				GCC_WARN_64_TO_32_BIT_CONVERSION = YES;
				GCC_WARN_ABOUT_RETURN_TYPE = YES_ERROR;
				GCC_WARN_UNDECLARED_SELECTOR = YES;
				GCC_WARN_UNINITIALIZED_AUTOS = YES_AGGRESSIVE;
				GCC_WARN_UNUSED_FUNCTION = YES;
				GCC_WARN_UNUSED_VARIABLE = YES;
				MACOSX_DEPLOYMENT_TARGET = 10.11;
				MTL_ENABLE_DEBUG_INFO = YES;
				ONLY_ACTIVE_ARCH = YES;
				SDKROOT = macosx;
				SWIFT_OPTIMIZATION_LEVEL = "-Onone";
			};
			name = Debug;
		};
		384E6A761C64973400CAD7AF /* Release */ = {
			isa = XCBuildConfiguration;
			buildSettings = {
				ALWAYS_SEARCH_USER_PATHS = NO;
				CLANG_CXX_LANGUAGE_STANDARD = "gnu++0x";
				CLANG_CXX_LIBRARY = "libc++";
				CLANG_ENABLE_MODULES = YES;
				CLANG_ENABLE_OBJC_ARC = YES;
				CLANG_WARN_BOOL_CONVERSION = YES;
				CLANG_WARN_CONSTANT_CONVERSION = YES;
				CLANG_WARN_DIRECT_OBJC_ISA_USAGE = YES_ERROR;
				CLANG_WARN_EMPTY_BODY = YES;
				CLANG_WARN_ENUM_CONVERSION = YES;
				CLANG_WARN_INT_CONVERSION = YES;
				CLANG_WARN_OBJC_ROOT_CLASS = YES_ERROR;
				CLANG_WARN_UNREACHABLE_CODE = YES;
				CLANG_WARN__DUPLICATE_METHOD_MATCH = YES;
				CODE_SIGN_IDENTITY = "-";
				COPY_PHASE_STRIP = NO;
				DEBUG_INFORMATION_FORMAT = "dwarf-with-dsym";
				ENABLE_NS_ASSERTIONS = NO;
				ENABLE_STRICT_OBJC_MSGSEND = YES;
				GCC_C_LANGUAGE_STANDARD = gnu99;
				GCC_NO_COMMON_BLOCKS = YES;
				GCC_WARN_64_TO_32_BIT_CONVERSION = YES;
				GCC_WARN_ABOUT_RETURN_TYPE = YES_ERROR;
				GCC_WARN_UNDECLARED_SELECTOR = YES;
				GCC_WARN_UNINITIALIZED_AUTOS = YES_AGGRESSIVE;
				GCC_WARN_UNUSED_FUNCTION = YES;
				GCC_WARN_UNUSED_VARIABLE = YES;
				MACOSX_DEPLOYMENT_TARGET = 10.11;
				MTL_ENABLE_DEBUG_INFO = NO;
				SDKROOT = macosx;
			};
			name = Release;
		};
		384E6A781C64973400CAD7AF /* Debug */ = {
			isa = XCBuildConfiguration;
			buildSettings = {
				ASSETCATALOG_COMPILER_APPICON_NAME = AppIcon;
				COMBINE_HIDPI_IMAGES = YES;
				INFOPLIST_FILE = "ES6 REPL/Info.plist";
				LD_RUNPATH_SEARCH_PATHS = "$(inherited) @executable_path/../Frameworks";
				MACOSX_DEPLOYMENT_TARGET = 10.10;
				PRODUCT_BUNDLE_IDENTIFIER = "com.priithaamer.ES6-REPL";
				PRODUCT_NAME = "$(TARGET_NAME)";
			};
			name = Debug;
		};
		384E6A791C64973400CAD7AF /* Release */ = {
			isa = XCBuildConfiguration;
			buildSettings = {
				ASSETCATALOG_COMPILER_APPICON_NAME = AppIcon;
				COMBINE_HIDPI_IMAGES = YES;
				INFOPLIST_FILE = "ES6 REPL/Info.plist";
				LD_RUNPATH_SEARCH_PATHS = "$(inherited) @executable_path/../Frameworks";
				MACOSX_DEPLOYMENT_TARGET = 10.10;
				PRODUCT_BUNDLE_IDENTIFIER = "com.priithaamer.ES6-REPL";
				PRODUCT_NAME = "$(TARGET_NAME)";
			};
			name = Release;
		};
		384E6A7B1C64973400CAD7AF /* Debug */ = {
			isa = XCBuildConfiguration;
			buildSettings = {
				BUNDLE_LOADER = "$(TEST_HOST)";
				COMBINE_HIDPI_IMAGES = YES;
				INFOPLIST_FILE = "ES6 REPLTests/Info.plist";
				LD_RUNPATH_SEARCH_PATHS = "$(inherited) @executable_path/../Frameworks @loader_path/../Frameworks";
				PRODUCT_BUNDLE_IDENTIFIER = "com.priithaamer.ES6-REPLTests";
				PRODUCT_NAME = "$(TARGET_NAME)";
				TEST_HOST = "$(BUILT_PRODUCTS_DIR)/ES6 REPL.app/Contents/MacOS/ES6 REPL";
			};
			name = Debug;
		};
		384E6A7C1C64973400CAD7AF /* Release */ = {
			isa = XCBuildConfiguration;
			buildSettings = {
				BUNDLE_LOADER = "$(TEST_HOST)";
				COMBINE_HIDPI_IMAGES = YES;
				INFOPLIST_FILE = "ES6 REPLTests/Info.plist";
				LD_RUNPATH_SEARCH_PATHS = "$(inherited) @executable_path/../Frameworks @loader_path/../Frameworks";
				PRODUCT_BUNDLE_IDENTIFIER = "com.priithaamer.ES6-REPLTests";
				PRODUCT_NAME = "$(TARGET_NAME)";
				TEST_HOST = "$(BUILT_PRODUCTS_DIR)/ES6 REPL.app/Contents/MacOS/ES6 REPL";
			};
			name = Release;
		};
		384E6A7E1C64973400CAD7AF /* Debug */ = {
			isa = XCBuildConfiguration;
			buildSettings = {
				COMBINE_HIDPI_IMAGES = YES;
				INFOPLIST_FILE = "ES6 REPLUITests/Info.plist";
				LD_RUNPATH_SEARCH_PATHS = "$(inherited) @executable_path/../Frameworks @loader_path/../Frameworks";
				PRODUCT_BUNDLE_IDENTIFIER = "com.priithaamer.ES6-REPLUITests";
				PRODUCT_NAME = "$(TARGET_NAME)";
				TEST_TARGET_NAME = "ES6 REPL";
				USES_XCTRUNNER = YES;
			};
			name = Debug;
		};
		384E6A7F1C64973400CAD7AF /* Release */ = {
			isa = XCBuildConfiguration;
			buildSettings = {
				COMBINE_HIDPI_IMAGES = YES;
				INFOPLIST_FILE = "ES6 REPLUITests/Info.plist";
				LD_RUNPATH_SEARCH_PATHS = "$(inherited) @executable_path/../Frameworks @loader_path/../Frameworks";
				PRODUCT_BUNDLE_IDENTIFIER = "com.priithaamer.ES6-REPLUITests";
				PRODUCT_NAME = "$(TARGET_NAME)";
				TEST_TARGET_NAME = "ES6 REPL";
				USES_XCTRUNNER = YES;
			};
			name = Release;
		};
/* End XCBuildConfiguration section */

/* Begin XCConfigurationList section */
		384E6A4B1C64973400CAD7AF /* Build configuration list for PBXProject "ES6 REPL" */ = {
			isa = XCConfigurationList;
			buildConfigurations = (
				384E6A751C64973400CAD7AF /* Debug */,
				384E6A761C64973400CAD7AF /* Release */,
			);
			defaultConfigurationIsVisible = 0;
			defaultConfigurationName = Release;
		};
		384E6A771C64973400CAD7AF /* Build configuration list for PBXNativeTarget "ES6 REPL" */ = {
			isa = XCConfigurationList;
			buildConfigurations = (
				384E6A781C64973400CAD7AF /* Debug */,
				384E6A791C64973400CAD7AF /* Release */,
			);
			defaultConfigurationIsVisible = 0;
			defaultConfigurationName = Release;
		};
		384E6A7A1C64973400CAD7AF /* Build configuration list for PBXNativeTarget "ES6 REPLTests" */ = {
			isa = XCConfigurationList;
			buildConfigurations = (
				384E6A7B1C64973400CAD7AF /* Debug */,
				384E6A7C1C64973400CAD7AF /* Release */,
			);
			defaultConfigurationIsVisible = 0;
			defaultConfigurationName = Release;
		};
		384E6A7D1C64973400CAD7AF /* Build configuration list for PBXNativeTarget "ES6 REPLUITests" */ = {
			isa = XCConfigurationList;
			buildConfigurations = (
				384E6A7E1C64973400CAD7AF /* Debug */,
				384E6A7F1C64973400CAD7AF /* Release */,
			);
			defaultConfigurationIsVisible = 0;
			defaultConfigurationName = Release;
		};
/* End XCConfigurationList section */
	};
	rootObject = 384E6A481C64973400CAD7AF /* Project object */;
}
